
Microsoft Visual Studio Solution File, Format Version 12.00
# Visual Studio 14
VisualStudioVersion = 14.0.23107.0
MinimumVisualStudioVersion = 10.0.40219.1
Project("{FAE04EC0-301F-11D3-BF4B-00C04F79EFBC}") = "Ricettario", "Ricettario\Ricettario.csproj", "{C184C14A-8EB1-49B7-8503-DF7A735F66CA}"
EndProject
Project("{FAE04EC0-301F-11D3-BF4B-00C04F79EFBC}") = "Ricettario.Core", "Ricettario.Core\Ricettario.Core.csproj", "{9C83F7F0-C9B9-49DE-B291-7C11A4DD91D5}"
EndProject
Project("{FAE04EC0-301F-11D3-BF4B-00C04F79EFBC}") = "IsolatedRazor", "IsolatedRazor\IsolatedRazor.csproj", "{7DECF9FA-6983-4D57-BCB0-2251ACBFC05D}"
EndProject
Project("{FAE04EC0-301F-11D3-BF4B-00C04F79EFBC}") = "Tests", "Tests\Tests.csproj", "{B511C42B-70C8-4742-95AD-B9305DC8F199}"
EndProject
Project("{FAE04EC0-301F-11D3-BF4B-00C04F79EFBC}") = "Ricettario.Shared", "Ricettario.Shared\Ricettario.Shared.csproj", "{1DF1B650-5101-49D4-AEEF-1DB31D274EE5}"
EndProject
Global
	GlobalSection(SolutionConfigurationPlatforms) = preSolution
		Debug|Any CPU = Debug|Any CPU
		Debug|x86 = Debug|x86
		Release|Any CPU = Release|Any CPU
		Release|x86 = Release|x86
	EndGlobalSection
	GlobalSection(ProjectConfigurationPlatforms) = postSolution
		{C184C14A-8EB1-49B7-8503-DF7A735F66CA}.Debug|Any CPU.ActiveCfg = Debug|Any CPU
		{C184C14A-8EB1-49B7-8503-DF7A735F66CA}.Debug|Any CPU.Build.0 = Debug|Any CPU
		{C184C14A-8EB1-49B7-8503-DF7A735F66CA}.Debug|x86.ActiveCfg = Debug|Any CPU
		{C184C14A-8EB1-49B7-8503-DF7A735F66CA}.Release|Any CPU.ActiveCfg = Release|Any CPU
		{C184C14A-8EB1-49B7-8503-DF7A735F66CA}.Release|Any CPU.Build.0 = Release|Any CPU
		{C184C14A-8EB1-49B7-8503-DF7A735F66CA}.Release|x86.ActiveCfg = Release|Any CPU
		{9C83F7F0-C9B9-49DE-B291-7C11A4DD91D5}.Debug|Any CPU.ActiveCfg = Debug|Any CPU
		{9C83F7F0-C9B9-49DE-B291-7C11A4DD91D5}.Debug|Any CPU.Build.0 = Debug|Any CPU
		{9C83F7F0-C9B9-49DE-B291-7C11A4DD91D5}.Debug|x86.ActiveCfg = Debug|Any CPU
		{9C83F7F0-C9B9-49DE-B291-7C11A4DD91D5}.Release|Any CPU.ActiveCfg = Release|Any CPU
		{9C83F7F0-C9B9-49DE-B291-7C11A4DD91D5}.Release|Any CPU.Build.0 = Release|Any CPU
		{9C83F7F0-C9B9-49DE-B291-7C11A4DD91D5}.Release|x86.ActiveCfg = Release|Any CPU
		{7DECF9FA-6983-4D57-BCB0-2251ACBFC05D}.Debug|Any CPU.ActiveCfg = Debug|Any CPU
		{7DECF9FA-6983-4D57-BCB0-2251ACBFC05D}.Debug|Any CPU.Build.0 = Debug|Any CPU
		{7DECF9FA-6983-4D57-BCB0-2251ACBFC05D}.Debug|x86.ActiveCfg = Debug|Any CPU
		{7DECF9FA-6983-4D57-BCB0-2251ACBFC05D}.Release|Any CPU.ActiveCfg = Release|Any CPU
		{7DECF9FA-6983-4D57-BCB0-2251ACBFC05D}.Release|Any CPU.Build.0 = Release|Any CPU
		{7DECF9FA-6983-4D57-BCB0-2251ACBFC05D}.Release|x86.ActiveCfg = Release|Any CPU
		{B511C42B-70C8-4742-95AD-B9305DC8F199}.Debug|Any CPU.ActiveCfg = Debug|Any CPU
		{B511C42B-70C8-4742-95AD-B9305DC8F199}.Debug|Any CPU.Build.0 = Debug|Any CPU
		{B511C42B-70C8-4742-95AD-B9305DC8F199}.Debug|x86.ActiveCfg = Debug|x86
		{B511C42B-70C8-4742-95AD-B9305DC8F199}.Debug|x86.Build.0 = Debug|x86
		{B511C42B-70C8-4742-95AD-B9305DC8F199}.Release|Any CPU.ActiveCfg = Release|Any CPU
		{B511C42B-70C8-4742-95AD-B9305DC8F199}.Release|Any CPU.Build.0 = Release|Any CPU
		{B511C42B-70C8-4742-95AD-B9305DC8F199}.Release|x86.ActiveCfg = Release|x86
		{B511C42B-70C8-4742-95AD-B9305DC8F199}.Release|x86.Build.0 = Release|x86
		{1DF1B650-5101-49D4-AEEF-1DB31D274EE5}.Debug|Any CPU.ActiveCfg = Debug|Any CPU
		{1DF1B650-5101-49D4-AEEF-1DB31D274EE5}.Debug|Any CPU.Build.0 = Debug|Any CPU
		{1DF1B650-5101-49D4-AEEF-1DB31D274EE5}.Debug|x86.ActiveCfg = Debug|Any CPU
		{1DF1B650-5101-49D4-AEEF-1DB31D274EE5}.Debug|x86.Build.0 = Debug|Any CPU
		{1DF1B650-5101-49D4-AEEF-1DB31D274EE5}.Release|Any CPU.ActiveCfg = Release|Any CPU
		{1DF1B650-5101-49D4-AEEF-1DB31D274EE5}.Release|Any CPU.Build.0 = Release|Any CPU
		{1DF1B650-5101-49D4-AEEF-1DB31D274EE5}.Release|x86.ActiveCfg = Release|Any CPU
		{1DF1B650-5101-49D4-AEEF-1DB31D274EE5}.Release|x86.Build.0 = Release|Any CPU
	EndGlobalSection
	GlobalSection(SolutionProperties) = preSolution
		HideSolutionNode = FALSE
	EndGlobalSection
EndGlobal
